
Microsoft Visual Studio Solution File, Format Version 12.00
# Visual Studio Version 17
VisualStudioVersion = 17.1.32210.238
MinimumVisualStudioVersion = 10.0.40219.1
Project("{9A19103F-16F7-4668-BE54-9A1E7A4F7556}") = "InterfaceClass", "InterfaceClass\InterfaceClass.csproj", "{42F6293D-B543-4C9C-A6C7-D3C4CD22C7FF}"
EndProject
Project("{2150E333-8FDC-42A3-9474-1A3956D46DE8}") = "Interfaces", "Interfaces", "{E315B777-0197-48EB-BD15-55CCC6BD7662}"
EndProject
Project("{FAE04EC0-301F-11D3-BF4B-00C04F79EFBC}") = "ContratoEHeranca", "ContratoEHeranca\ContratoEHeranca.csproj", "{1408FE7B-1A26-4634-86B9-6B1174846934}"
EndProject
Global
	GlobalSection(SolutionConfigurationPlatforms) = preSolution
		Debug|Any CPU = Debug|Any CPU
		Release|Any CPU = Release|Any CPU
	EndGlobalSection
	GlobalSection(ProjectConfigurationPlatforms) = postSolution
		{42F6293D-B543-4C9C-A6C7-D3C4CD22C7FF}.Debug|Any CPU.ActiveCfg = Debug|Any CPU
		{42F6293D-B543-4C9C-A6C7-D3C4CD22C7FF}.Debug|Any CPU.Build.0 = Debug|Any CPU
		{42F6293D-B543-4C9C-A6C7-D3C4CD22C7FF}.Release|Any CPU.ActiveCfg = Release|Any CPU
		{42F6293D-B543-4C9C-A6C7-D3C4CD22C7FF}.Release|Any CPU.Build.0 = Release|Any CPU
		{1408FE7B-1A26-4634-86B9-6B1174846934}.Debug|Any CPU.ActiveCfg = Debug|Any CPU
		{1408FE7B-1A26-4634-86B9-6B1174846934}.Debug|Any CPU.Build.0 = Debug|Any CPU
		{1408FE7B-1A26-4634-86B9-6B1174846934}.Release|Any CPU.ActiveCfg = Release|Any CPU
		{1408FE7B-1A26-4634-86B9-6B1174846934}.Release|Any CPU.Build.0 = Release|Any CPU
	EndGlobalSection
	GlobalSection(SolutionProperties) = preSolution
		HideSolutionNode = FALSE
	EndGlobalSection
	GlobalSection(NestedProjects) = preSolution
		{42F6293D-B543-4C9C-A6C7-D3C4CD22C7FF} = {E315B777-0197-48EB-BD15-55CCC6BD7662}
		{1408FE7B-1A26-4634-86B9-6B1174846934} = {E315B777-0197-48EB-BD15-55CCC6BD7662}
	EndGlobalSection
	GlobalSection(ExtensibilityGlobals) = postSolution
		SolutionGuid = {AD617100-D81B-433B-AE90-B2E660E79308}
	EndGlobalSection
EndGlobal
